// !$*UTF8*$!
{
	archiveVersion = 1;
	classes = {
	};
	objectVersion = 55;
	objects = {

/* Begin PBXBuildFile section */
		5AFEE8C5280FBAD400F3415A /* AppDelegate.swift in Sources */ = {isa = PBXBuildFile; fileRef = 5AFEE8C4280FBAD400F3415A /* AppDelegate.swift */; };
		5AFEE8C7280FBAD400F3415A /* SceneDelegate.swift in Sources */ = {isa = PBXBuildFile; fileRef = 5AFEE8C6280FBAD400F3415A /* SceneDelegate.swift */; };
		5AFEE8C9280FBAD400F3415A /* ViewController.swift in Sources */ = {isa = PBXBuildFile; fileRef = 5AFEE8C8280FBAD400F3415A /* ViewController.swift */; };
		5AFEE8CC280FBAD400F3415A /* Main.storyboard in Resources */ = {isa = PBXBuildFile; fileRef = 5AFEE8CA280FBAD400F3415A /* Main.storyboard */; };
		5AFEE8CE280FBAD600F3415A /* Assets.xcassets in Resources */ = {isa = PBXBuildFile; fileRef = 5AFEE8CD280FBAD600F3415A /* Assets.xcassets */; };
		5AFEE8D1280FBAD600F3415A /* LaunchScreen.storyboard in Resources */ = {isa = PBXBuildFile; fileRef = 5AFEE8CF280FBAD600F3415A /* LaunchScreen.storyboard */; };
		5AFEE8D9280FBB0800F3415A /* SecondVC.swift in Sources */ = {isa = PBXBuildFile; fileRef = 5AFEE8D8280FBB0800F3415A /* SecondVC.swift */; };
		5AFEE8DB280FBCED00F3415A /* PresentAnimator.swift in Sources */ = {isa = PBXBuildFile; fileRef = 5AFEE8DA280FBCED00F3415A /* PresentAnimator.swift */; };
		5AFEE8DD280FC19A00F3415A /* DismissAnimator.swift in Sources */ = {isa = PBXBuildFile; fileRef = 5AFEE8DC280FC19A00F3415A /* DismissAnimator.swift */; };
/* End PBXBuildFile section */

/* Begin PBXFileReference section */
		5AFEE8C1280FBAD400F3415A /* VeiwTransitions.app */ = {isa = PBXFileReference; explicitFileType = wrapper.application; includeInIndex = 0; path = VeiwTransitions.app; sourceTree = BUILT_PRODUCTS_DIR; };
		5AFEE8C4280FBAD400F3415A /* AppDelegate.swift */ = {isa = PBXFileReference; lastKnownFileType = sourcecode.swift; path = AppDelegate.swift; sourceTree = "<group>"; };
		5AFEE8C6280FBAD400F3415A /* SceneDelegate.swift */ = {isa = PBXFileReference; lastKnownFileType = sourcecode.swift; path = SceneDelegate.swift; sourceTree = "<group>"; };
		5AFEE8C8280FBAD400F3415A /* ViewController.swift */ = {isa = PBXFileReference; lastKnownFileType = sourcecode.swift; path = ViewController.swift; sourceTree = "<group>"; };
		5AFEE8CB280FBAD400F3415A /* Base */ = {isa = PBXFileReference; lastKnownFileType = file.storyboard; name = Base; path = Base.lproj/Main.storyboard; sourceTree = "<group>"; };
		5AFEE8CD280FBAD600F3415A /* Assets.xcassets */ = {isa = PBXFileReference; lastKnownFileType = folder.assetcatalog; path = Assets.xcassets; sourceTree = "<group>"; };
		5AFEE8D0280FBAD600F3415A /* Base */ = {isa = PBXFileReference; lastKnownFileType = file.storyboard; name = Base; path = Base.lproj/LaunchScreen.storyboard; sourceTree = "<group>"; };
		5AFEE8D2280FBAD600F3415A /* Info.plist */ = {isa = PBXFileReference; lastKnownFileType = text.plist.xml; path = Info.plist; sourceTree = "<group>"; };
		5AFEE8D8280FBB0800F3415A /* SecondVC.swift */ = {isa = PBXFileReference; lastKnownFileType = sourcecode.swift; path = SecondVC.swift; sourceTree = "<group>"; };
		5AFEE8DA280FBCED00F3415A /* PresentAnimator.swift */ = {isa = PBXFileReference; lastKnownFileType = sourcecode.swift; path = PresentAnimator.swift; sourceTree = "<group>"; };
		5AFEE8DC280FC19A00F3415A /* DismissAnimator.swift */ = {isa = PBXFileReference; lastKnownFileType = sourcecode.swift; path = DismissAnimator.swift; sourceTree = "<group>"; };
/* End PBXFileReference section */

/* Begin PBXFrameworksBuildPhase section */
		5AFEE8BE280FBAD400F3415A /* Frameworks */ = {
			isa = PBXFrameworksBuildPhase;
			buildActionMask = 2147483647;
			files = (
			);
			runOnlyForDeploymentPostprocessing = 0;
		};
/* End PBXFrameworksBuildPhase section */

/* Begin PBXGroup section */
		5AFEE8B8280FBAD400F3415A = {
			isa = PBXGroup;
			children = (
				5AFEE8C3280FBAD400F3415A /* VeiwTransitions */,
				5AFEE8C2280FBAD400F3415A /* Products */,
			);
			sourceTree = "<group>";
		};
		5AFEE8C2280FBAD400F3415A /* Products */ = {
			isa = PBXGroup;
			children = (
				5AFEE8C1280FBAD400F3415A /* VeiwTransitions.app */,
			);
			name = Products;
			sourceTree = "<group>";
		};
		5AFEE8C3280FBAD400F3415A /* VeiwTransitions */ = {
			isa = PBXGroup;
			children = (
				5AFEE8C4280FBAD400F3415A /* AppDelegate.swift */,
				5AFEE8C6280FBAD400F3415A /* SceneDelegate.swift */,
				5AFEE8C8280FBAD400F3415A /* ViewController.swift */,
				5AFEE8CA280FBAD400F3415A /* Main.storyboard */,
				5AFEE8CD280FBAD600F3415A /* Assets.xcassets */,
				5AFEE8CF280FBAD600F3415A /* LaunchScreen.storyboard */,
				5AFEE8D2280FBAD600F3415A /* Info.plist */,
				5AFEE8D8280FBB0800F3415A /* SecondVC.swift */,
				5AFEE8DA280FBCED00F3415A /* PresentAnimator.swift */,
				5AFEE8DC280FC19A00F3415A /* DismissAnimator.swift */,
			);
			path = VeiwTransitions;
			sourceTree = "<group>";
		};
/* End PBXGroup section */

/* Begin PBXNativeTarget section */
		5AFEE8C0280FBAD400F3415A /* VeiwTransitions */ = {
			isa = PBXNativeTarget;
			buildConfigurationList = 5AFEE8D5280FBAD600F3415A /* Build configuration list for PBXNativeTarget "VeiwTransitions" */;
			buildPhases = (
				5AFEE8BD280FBAD400F3415A /* Sources */,
				5AFEE8BE280FBAD400F3415A /* Frameworks */,
				5AFEE8BF280FBAD400F3415A /* Resources */,
			);
			buildRules = (
			);
			dependencies = (
			);
			name = VeiwTransitions;
			productName = VeiwTransitions;
			productReference = 5AFEE8C1280FBAD400F3415A /* VeiwTransitions.app */;
			productType = "com.apple.product-type.application";
		};
/* End PBXNativeTarget section */

/* Begin PBXProject section */
		5AFEE8B9280FBAD400F3415A /* Project object */ = {
			isa = PBXProject;
			attributes = {
				BuildIndependentTargetsInParallel = 1;
				LastSwiftUpdateCheck = 1320;
				LastUpgradeCheck = 1320;
				TargetAttributes = {
					5AFEE8C0280FBAD400F3415A = {
						CreatedOnToolsVersion = 13.2.1;
					};
				};
			};
			buildConfigurationList = 5AFEE8BC280FBAD400F3415A /* Build configuration list for PBXProject "VeiwTransitions" */;
			compatibilityVersion = "Xcode 13.0";
			developmentRegion = en;
			hasScannedForEncodings = 0;
			knownRegions = (
				en,
				Base,
			);
			mainGroup = 5AFEE8B8280FBAD400F3415A;
			productRefGroup = 5AFEE8C2280FBAD400F3415A /* Products */;
			projectDirPath = "";
			projectRoot = "";
			targets = (
				5AFEE8C0280FBAD400F3415A /* VeiwTransitions */,
			);
		};
/* End PBXProject section */

/* Begin PBXResourcesBuildPhase section */
		5AFEE8BF280FBAD400F3415A /* Resources */ = {
			isa = PBXResourcesBuildPhase;
			buildActionMask = 2147483647;
			files = (
				5AFEE8D1280FBAD600F3415A /* LaunchScreen.storyboard in Resources */,
				5AFEE8CE280FBAD600F3415A /* Assets.xcassets in Resources */,
				5AFEE8CC280FBAD400F3415A /* Main.storyboard in Resources */,
			);
			runOnlyForDeploymentPostprocessing = 0;
		};
/* End PBXResourcesBuildPhase section */

/* Begin PBXSourcesBuildPhase section */
		5AFEE8BD280FBAD400F3415A /* Sources */ = {
			isa = PBXSourcesBuildPhase;
			buildActionMask = 2147483647;
			files = (
				5AFEE8C9280FBAD400F3415A /* ViewController.swift in Sources */,
				5AFEE8DD280FC19A00F3415A /* DismissAnimator.swift in Sources */,
				5AFEE8DB280FBCED00F3415A /* PresentAnimator.swift in Sources */,
				5AFEE8C5280FBAD400F3415A /* AppDelegate.swift in Sources */,
				5AFEE8D9280FBB0800F3415A /* SecondVC.swift in Sources */,
				5AFEE8C7280FBAD400F3415A /* SceneDelegate.swift in Sources */,
			);
			runOnlyForDeploymentPostprocessing = 0;
		};
/* End PBXSourcesBuildPhase section */

/* Begin PBXVariantGroup section */
		5AFEE8CA280FBAD400F3415A /* Main.storyboard */ = {
			isa = PBXVariantGroup;
			children = (
				5AFEE8CB280FBAD400F3415A /* Base */,
			);
			name = Main.storyboard;
			sourceTree = "<group>";
		};
		5AFEE8CF280FBAD600F3415A /* LaunchScreen.storyboard */ = {
			isa = PBXVariantGroup;
			children = (
				5AFEE8D0280FBAD600F3415A /* Base */,
			);
			name = LaunchScreen.storyboard;
			sourceTree = "<group>";
		};
/* End PBXVariantGroup section */

/* Begin XCBuildConfiguration section */
		5AFEE8D3280FBAD600F3415A /* Debug */ = {
			isa = XCBuildConfiguration;
			buildSettings = {
				ALWAYS_SEARCH_USER_PATHS = NO;
				CLANG_ANALYZER_NONNULL = YES;
				CLANG_ANALYZER_NUMBER_OBJECT_CONVERSION = YES_AGGRESSIVE;
				CLANG_CXX_LANGUAGE_STANDARD = "gnu++17";
				CLANG_CXX_LIBRARY = "libc++";
				CLANG_ENABLE_MODULES = YES;
				CLANG_ENABLE_OBJC_ARC = YES;
				CLANG_ENABLE_OBJC_WEAK = YES;
				CLANG_WARN_BLOCK_CAPTURE_AUTORELEASING = YES;
				CLANG_WARN_BOOL_CONVERSION = YES;
				CLANG_WARN_COMMA = YES;
				CLANG_WARN_CONSTANT_CONVERSION = YES;
				CLANG_WARN_DEPRECATED_OBJC_IMPLEMENTATIONS = YES;
				CLANG_WARN_DIRECT_OBJC_ISA_USAGE = YES_ERROR;
				CLANG_WARN_DOCUMENTATION_COMMENTS = YES;
				CLANG_WARN_EMPTY_BODY = YES;
				CLANG_WARN_ENUM_CONVERSION = YES;
				CLANG_WARN_INFINITE_RECURSION = YES;
				CLANG_WARN_INT_CONVERSION = YES;
				CLANG_WARN_NON_LITERAL_NULL_CONVERSION = YES;
				CLANG_WARN_OBJC_IMPLICIT_RETAIN_SELF = YES;
				CLANG_WARN_OBJC_LITERAL_CONVERSION = YES;
				CLANG_WARN_OBJC_ROOT_CLASS = YES_ERROR;
				CLANG_WARN_QUOTED_INCLUDE_IN_FRAMEWORK_HEADER = YES;
				CLANG_WARN_RANGE_LOOP_ANALYSIS = YES;
				CLANG_WARN_STRICT_PROTOTYPES = YES;
				CLANG_WARN_SUSPICIOUS_MOVE = YES;
				CLANG_WARN_UNGUARDED_AVAILABILITY = YES_AGGRESSIVE;
				CLANG_WARN_UNREACHABLE_CODE = YES;
				CLANG_WARN__DUPLICATE_METHOD_MATCH = YES;
				COPY_PHASE_STRIP = NO;
				DEBUG_INFORMATION_FORMAT = dwarf;
				ENABLE_STRICT_OBJC_MSGSEND = YES;
				ENABLE_TESTABILITY = YES;
				GCC_C_LANGUAGE_STANDARD = gnu11;
				GCC_DYNAMIC_NO_PIC = NO;
				GCC_NO_COMMON_BLOCKS = YES;
				GCC_OPTIMIZATION_LEVEL = 0;
				GCC_PREPROCESSOR_DEFINITIONS = (
					"DEBUG=1",
					"$(inherited)",
				);
				GCC_WARN_64_TO_32_BIT_CONVERSION = YES;
				GCC_WARN_ABOUT_RETURN_TYPE = YES_ERROR;
				GCC_WARN_UNDECLARED_SELECTOR = YES;
				GCC_WARN_UNINITIALIZED_AUTOS = YES_AGGRESSIVE;
				GCC_WARN_UNUSED_FUNCTION = YES;
				GCC_WARN_UNUSED_VARIABLE = YES;
				IPHONEOS_DEPLOYMENT_TARGET = 15.2;
				MTL_ENABLE_DEBUG_INFO = INCLUDE_SOURCE;
				MTL_FAST_MATH = YES;
				ONLY_ACTIVE_ARCH = YES;
				SDKROOT = iphoneos;
				SWIFT_ACTIVE_COMPILATION_CONDITIONS = DEBUG;
				SWIFT_OPTIMIZATION_LEVEL = "-Onone";
			};
			name = Debug;
		};
		5AFEE8D4280FBAD600F3415A /* Release */ = {
			isa = XCBuildConfiguration;
			buildSettings = {
				ALWAYS_SEARCH_USER_PATHS = NO;
				CLANG_ANALYZER_NONNULL = YES;
				CLANG_ANALYZER_NUMBER_OBJECT_CONVERSION = YES_AGGRESSIVE;
				CLANG_CXX_LANGUAGE_STANDARD = "gnu++17";
				CLANG_CXX_LIBRARY = "libc++";
				CLANG_ENABLE_MODULES = YES;
				CLANG_ENABLE_OBJC_ARC = YES;
				CLANG_ENABLE_OBJC_WEAK = YES;
				CLANG_WARN_BLOCK_CAPTURE_AUTORELEASING = YES;
				CLANG_WARN_BOOL_CONVERSION = YES;
				CLANG_WARN_COMMA = YES;
				CLANG_WARN_CONSTANT_CONVERSION = YES;
				CLANG_WARN_DEPRECATED_OBJC_IMPLEMENTATIONS = YES;
				CLANG_WARN_DIRECT_OBJC_ISA_USAGE = YES_ERROR;
				CLANG_WARN_DOCUMENTATION_COMMENTS = YES;
				CLANG_WARN_EMPTY_BODY = YES;
				CLANG_WARN_ENUM_CONVERSION = YES;
				CLANG_WARN_INFINITE_RECURSION = YES;
				CLANG_WARN_INT_CONVERSION = YES;
				CLANG_WARN_NON_LITERAL_NULL_CONVERSION = YES;
				CLANG_WARN_OBJC_IMPLICIT_RETAIN_SELF = YES;
				CLANG_WARN_OBJC_LITERAL_CONVERSION = YES;
				CLANG_WARN_OBJC_ROOT_CLASS = YES_ERROR;
				CLANG_WARN_QUOTED_INCLUDE_IN_FRAMEWORK_HEADER = YES;
				CLANG_WARN_RANGE_LOOP_ANALYSIS = YES;
				CLANG_WARN_STRICT_PROTOTYPES = YES;
				CLANG_WARN_SUSPICIOUS_MOVE = YES;
				CLANG_WARN_UNGUARDED_AVAILABILITY = YES_AGGRESSIVE;
				CLANG_WARN_UNREACHABLE_CODE = YES;
				CLANG_WARN__DUPLICATE_METHOD_MATCH = YES;
				COPY_PHASE_STRIP = NO;
				DEBUG_INFORMATION_FORMAT = "dwarf-with-dsym";
				ENABLE_NS_ASSERTIONS = NO;
				ENABLE_STRICT_OBJC_MSGSEND = YES;
				GCC_C_LANGUAGE_STANDARD = gnu11;
				GCC_NO_COMMON_BLOCKS = YES;
				GCC_WARN_64_TO_32_BIT_CONVERSION = YES;
				GCC_WARN_ABOUT_RETURN_TYPE = YES_ERROR;
				GCC_WARN_UNDECLARED_SELECTOR = YES;
				GCC_WARN_UNINITIALIZED_AUTOS = YES_AGGRESSIVE;
				GCC_WARN_UNUSED_FUNCTION = YES;
				GCC_WARN_UNUSED_VARIABLE = YES;
				IPHONEOS_DEPLOYMENT_TARGET = 15.2;
				MTL_ENABLE_DEBUG_INFO = NO;
				MTL_FAST_MATH = YES;
				SDKROOT = iphoneos;
				SWIFT_COMPILATION_MODE = wholemodule;
				SWIFT_OPTIMIZATION_LEVEL = "-O";
				VALIDATE_PRODUCT = YES;
			};
			name = Release;
		};
		5AFEE8D6280FBAD600F3415A /* Debug */ = {
			isa = XCBuildConfiguration;
			buildSettings = {
				ASSETCATALOG_COMPILER_APPICON_NAME = AppIcon;
				ASSETCATALOG_COMPILER_GLOBAL_ACCENT_COLOR_NAME = AccentColor;
				CODE_SIGN_STYLE = Automatic;
				CURRENT_PROJECT_VERSION = 1;
				DEVELOPMENT_TEAM = 8KPST3V25M;
				GENERATE_INFOPLIST_FILE = YES;
				INFOPLIST_FILE = VeiwTransitions/Info.plist;
				INFOPLIST_KEY_UIApplicationSupportsIndirectInputEvents = YES;
				INFOPLIST_KEY_UILaunchStoryboardName = LaunchScreen;
				INFOPLIST_KEY_UIMainStoryboardFile = Main;
				INFOPLIST_KEY_UISupportedInterfaceOrientations_iPad = "UIInterfaceOrientationPortrait UIInterfaceOrientationPortraitUpsideDown UIInterfaceOrientationLandscapeLeft UIInterfaceOrientationLandscapeRight";
				INFOPLIST_KEY_UISupportedInterfaceOrientations_iPhone = "UIInterfaceOrientationPortrait UIInterfaceOrientationLandscapeLeft UIInterfaceOrientationLandscapeRight";
				LD_RUNPATH_SEARCH_PATHS = (
					"$(inherited)",
					"@executable_path/Frameworks",
				);
				MARKETING_VERSION = 1.0;
				PRODUCT_BUNDLE_IDENTIFIER = com.mtech.VeiwTransitions;
				PRODUCT_NAME = "$(TARGET_NAME)";
				SWIFT_EMIT_LOC_STRINGS = YES;
				SWIFT_VERSION = 5.0;
				TARGETED_DEVICE_FAMILY = "1,2";
			};
			name = Debug;
		};
		5AFEE8D7280FBAD600F3415A /* Release */ = {
			isa = XCBuildConfiguration;
			buildSettings = {
				ASSETCATALOG_COMPILER_APPICON_NAME = AppIcon;
				ASSETCATALOG_COMPILER_GLOBAL_ACCENT_COLOR_NAME = AccentColor;
				CODE_SIGN_STYLE = Automatic;
				CURRENT_PROJECT_VERSION = 1;
				DEVELOPMENT_TEAM = 8KPST3V25M;
				GENERATE_INFOPLIST_FILE = YES;
				INFOPLIST_FILE = VeiwTransitions/Info.plist;
				INFOPLIST_KEY_UIApplicationSupportsIndirectInputEvents = YES;
				INFOPLIST_KEY_UILaunchStoryboardName = LaunchScreen;
				INFOPLIST_KEY_UIMainStoryboardFile = Main;
				INFOPLIST_KEY_UISupportedInterfaceOrientations_iPad = "UIInterfaceOrientationPortrait UIInterfaceOrientationPortraitUpsideDown UIInterfaceOrientationLandscapeLeft UIInterfaceOrientationLandscapeRight";
				INFOPLIST_KEY_UISupportedInterfaceOrientations_iPhone = "UIInterfaceOrientationPortrait UIInterfaceOrientationLandscapeLeft UIInterfaceOrientationLandscapeRight";
				LD_RUNPATH_SEARCH_PATHS = (
					"$(inherited)",
					"@executable_path/Frameworks",
				);
				MARKETING_VERSION = 1.0;
				PRODUCT_BUNDLE_IDENTIFIER = com.mtech.VeiwTransitions;
				PRODUCT_NAME = "$(TARGET_NAME)";
				SWIFT_EMIT_LOC_STRINGS = YES;
				SWIFT_VERSION = 5.0;
				TARGETED_DEVICE_FAMILY = "1,2";
			};
			name = Release;
		};
/* End XCBuildConfiguration section */

/* Begin XCConfigurationList section */
		5AFEE8BC280FBAD400F3415A /* Build configuration list for PBXProject "VeiwTransitions" */ = {
			isa = XCConfigurationList;
			buildConfigurations = (
				5AFEE8D3280FBAD600F3415A /* Debug */,
				5AFEE8D4280FBAD600F3415A /* Release */,
			);
			defaultConfigurationIsVisible = 0;
			defaultConfigurationName = Release;
		};
		5AFEE8D5280FBAD600F3415A /* Build configuration list for PBXNativeTarget "VeiwTransitions" */ = {
			isa = XCConfigurationList;
			buildConfigurations = (
				5AFEE8D6280FBAD600F3415A /* Debug */,
				5AFEE8D7280FBAD600F3415A /* Release */,
			);
			defaultConfigurationIsVisible = 0;
			defaultConfigurationName = Release;
		};
/* End XCConfigurationList section */
	};
	rootObject = 5AFEE8B9280FBAD400F3415A /* Project object */;
}
